
Microsoft Visual Studio Solution File, Format Version 12.00
# Visual Studio 14
VisualStudioVersion = 14.0.24720.0
MinimumVisualStudioVersion = 10.0.40219.1
Project("{FAE04EC0-301F-11D3-BF4B-00C04F79EFBC}") = "RepoConsole", "RepoConsole\RepoConsole.csproj", "{F1C4EF18-85C6-48BB-8A68-90F6211C60EB}"
EndProject
Project("{FAE04EC0-301F-11D3-BF4B-00C04F79EFBC}") = "DataEngine", "DataEngine\DataEngine.csproj", "{9B2601A4-CB46-4141-BD72-3F8CA512C5D2}"
EndProject
Project("{FAE04EC0-301F-11D3-BF4B-00C04F79EFBC}") = "SyncConsole", "SyncConsole\SyncConsole.csproj", "{06C88A89-FD13-4D8C-81A6-3504373A37DF}"
EndProject
Project("{FAE04EC0-301F-11D3-BF4B-00C04F79EFBC}") = "SyncEngine", "SyncEngine\SyncEngine.csproj", "{F6CB0012-2DC9-4098-AB78-D094C1C84B91}"
EndProject
Project("{FAE04EC0-301F-11D3-BF4B-00C04F79EFBC}") = "Helpers", "Helpers\Helpers.csproj", "{C99D8D4A-C354-4AEB-BDB9-A1479ACBECA2}"
EndProject
Global
	GlobalSection(SolutionConfigurationPlatforms) = preSolution
		Debug|Any CPU = Debug|Any CPU
		Release|Any CPU = Release|Any CPU
	EndGlobalSection
	GlobalSection(ProjectConfigurationPlatforms) = postSolution
		{F1C4EF18-85C6-48BB-8A68-90F6211C60EB}.Debug|Any CPU.ActiveCfg = Debug|Any CPU
		{F1C4EF18-85C6-48BB-8A68-90F6211C60EB}.Debug|Any CPU.Build.0 = Debug|Any CPU
		{F1C4EF18-85C6-48BB-8A68-90F6211C60EB}.Release|Any CPU.ActiveCfg = Release|Any CPU
		{F1C4EF18-85C6-48BB-8A68-90F6211C60EB}.Release|Any CPU.Build.0 = Release|Any CPU
		{9B2601A4-CB46-4141-BD72-3F8CA512C5D2}.Debug|Any CPU.ActiveCfg = Debug|Any CPU
		{9B2601A4-CB46-4141-BD72-3F8CA512C5D2}.Debug|Any CPU.Build.0 = Debug|Any CPU
		{9B2601A4-CB46-4141-BD72-3F8CA512C5D2}.Release|Any CPU.ActiveCfg = Release|Any CPU
		{9B2601A4-CB46-4141-BD72-3F8CA512C5D2}.Release|Any CPU.Build.0 = Release|Any CPU
		{06C88A89-FD13-4D8C-81A6-3504373A37DF}.Debug|Any CPU.ActiveCfg = Debug|Any CPU
		{06C88A89-FD13-4D8C-81A6-3504373A37DF}.Debug|Any CPU.Build.0 = Debug|Any CPU
		{06C88A89-FD13-4D8C-81A6-3504373A37DF}.Release|Any CPU.ActiveCfg = Release|Any CPU
		{06C88A89-FD13-4D8C-81A6-3504373A37DF}.Release|Any CPU.Build.0 = Release|Any CPU
		{F6CB0012-2DC9-4098-AB78-D094C1C84B91}.Debug|Any CPU.ActiveCfg = Debug|Any CPU
		{F6CB0012-2DC9-4098-AB78-D094C1C84B91}.Debug|Any CPU.Build.0 = Debug|Any CPU
		{F6CB0012-2DC9-4098-AB78-D094C1C84B91}.Release|Any CPU.ActiveCfg = Release|Any CPU
		{F6CB0012-2DC9-4098-AB78-D094C1C84B91}.Release|Any CPU.Build.0 = Release|Any CPU
		{C99D8D4A-C354-4AEB-BDB9-A1479ACBECA2}.Debug|Any CPU.ActiveCfg = Debug|Any CPU
		{C99D8D4A-C354-4AEB-BDB9-A1479ACBECA2}.Debug|Any CPU.Build.0 = Debug|Any CPU
		{C99D8D4A-C354-4AEB-BDB9-A1479ACBECA2}.Release|Any CPU.ActiveCfg = Release|Any CPU
		{C99D8D4A-C354-4AEB-BDB9-A1479ACBECA2}.Release|Any CPU.Build.0 = Release|Any CPU
	EndGlobalSection
	GlobalSection(SolutionProperties) = preSolution
		HideSolutionNode = FALSE
	EndGlobalSection
EndGlobal
